// !$*UTF8*$!
{
	archiveVersion = 1;
	classes = {
	};
	objectVersion = 56;
	objects = {

/* Begin PBXBuildFile section */
		A0EE576C2C1AF8BE00A5E53B /* AppDelegate.swift in Sources */ = {isa = PBXBuildFile; fileRef = A0EE576B2C1AF8BE00A5E53B /* AppDelegate.swift */; };
		A0EE576E2C1AF8BE00A5E53B /* SceneDelegate.swift in Sources */ = {isa = PBXBuildFile; fileRef = A0EE576D2C1AF8BE00A5E53B /* SceneDelegate.swift */; };
		A0EE57702C1AF8BE00A5E53B /* ViewController.swift in Sources */ = {isa = PBXBuildFile; fileRef = A0EE576F2C1AF8BE00A5E53B /* ViewController.swift */; };
		A0EE57752C1AF8BF00A5E53B /* Assets.xcassets in Resources */ = {isa = PBXBuildFile; fileRef = A0EE57742C1AF8BF00A5E53B /* Assets.xcassets */; };
		A0EE57782C1AF8BF00A5E53B /* Base in Resources */ = {isa = PBXBuildFile; fileRef = A0EE57772C1AF8BF00A5E53B /* Base */; };
		A0EE57802C1AF94D00A5E53B /* .gitignore in Resources */ = {isa = PBXBuildFile; fileRef = A0EE577F2C1AF94D00A5E53B /* .gitignore */; };
		A0EE57822C1AF9E600A5E53B /* APIKey.swift in Sources */ = {isa = PBXBuildFile; fileRef = A0EE57812C1AF9E600A5E53B /* APIKey.swift */; };
		A0EE57862C1AFF4200A5E53B /* ReuseIdnetifierProtocol.swift in Sources */ = {isa = PBXBuildFile; fileRef = A0EE57852C1AFF4200A5E53B /* ReuseIdnetifierProtocol.swift */; };
		A0EE57882C1B00D500A5E53B /* Constant.swift in Sources */ = {isa = PBXBuildFile; fileRef = A0EE57872C1B00D500A5E53B /* Constant.swift */; };
		A0EE578B2C1B027E00A5E53B /* UIColor+Extension.swift in Sources */ = {isa = PBXBuildFile; fileRef = A0EE578A2C1B027E00A5E53B /* UIColor+Extension.swift */; };
		A0EE578F2C1B056A00A5E53B /* IQKeyboardManagerSwift in Frameworks */ = {isa = PBXBuildFile; productRef = A0EE578E2C1B056A00A5E53B /* IQKeyboardManagerSwift */; };
		A0EE57922C1B057300A5E53B /* Kingfisher in Frameworks */ = {isa = PBXBuildFile; productRef = A0EE57912C1B057300A5E53B /* Kingfisher */; };
		A0EE57952C1B057E00A5E53B /* Alamofire in Frameworks */ = {isa = PBXBuildFile; productRef = A0EE57942C1B057E00A5E53B /* Alamofire */; };
		A0EE57982C1B058800A5E53B /* SnapKit in Frameworks */ = {isa = PBXBuildFile; productRef = A0EE57972C1B058800A5E53B /* SnapKit */; };
		A0EE579A2C1B0A1300A5E53B /* OnBoardingViewController.swift in Sources */ = {isa = PBXBuildFile; fileRef = A0EE57992C1B0A1300A5E53B /* OnBoardingViewController.swift */; };
		A0EE579D2C1B10DE00A5E53B /* PointButton.swift in Sources */ = {isa = PBXBuildFile; fileRef = A0EE579C2C1B10DE00A5E53B /* PointButton.swift */; };
		A0EE57A12C1B17EA00A5E53B /* ProfileNicknameSettingViewController.swift in Sources */ = {isa = PBXBuildFile; fileRef = A0EE57A02C1B17EA00A5E53B /* ProfileNicknameSettingViewController.swift */; };
		A0EE57A32C1B17F700A5E53B /* ProfileImageSettingViewController.swift in Sources */ = {isa = PBXBuildFile; fileRef = A0EE57A22C1B17F700A5E53B /* ProfileImageSettingViewController.swift */; };
		A0EE57A72C1C0A4400A5E53B /* ProfileView.swift in Sources */ = {isa = PBXBuildFile; fileRef = A0EE57A62C1C0A4400A5E53B /* ProfileView.swift */; };
		A0EE57AB2C1C30A500A5E53B /* SearchMainViewController.swift in Sources */ = {isa = PBXBuildFile; fileRef = A0EE57AA2C1C30A500A5E53B /* SearchMainViewController.swift */; };
		A0EE57AD2C1C30B500A5E53B /* SearchResultViewController.swift in Sources */ = {isa = PBXBuildFile; fileRef = A0EE57AC2C1C30B500A5E53B /* SearchResultViewController.swift */; };
		A0EE57AF2C1C30D600A5E53B /* DetailViewController.swift in Sources */ = {isa = PBXBuildFile; fileRef = A0EE57AE2C1C30D600A5E53B /* DetailViewController.swift */; };
		A0EE57B12C1C30E300A5E53B /* SettingViewController.swift in Sources */ = {isa = PBXBuildFile; fileRef = A0EE57B02C1C30E300A5E53B /* SettingViewController.swift */; };
		A0EE57B32C1C326700A5E53B /* MainTabBarViewController.swift in Sources */ = {isa = PBXBuildFile; fileRef = A0EE57B22C1C326700A5E53B /* MainTabBarViewController.swift */; };
		A0EE57B52C1D757400A5E53B /* ProfileImageSettingCollectionViewCell.swift in Sources */ = {isa = PBXBuildFile; fileRef = A0EE57B42C1D757400A5E53B /* ProfileImageSettingCollectionViewCell.swift */; };
/* End PBXBuildFile section */

/* Begin PBXFileReference section */
		A0EE57682C1AF8BE00A5E53B /* ShoppingCart.app */ = {isa = PBXFileReference; explicitFileType = wrapper.application; includeInIndex = 0; path = ShoppingCart.app; sourceTree = BUILT_PRODUCTS_DIR; };
		A0EE576B2C1AF8BE00A5E53B /* AppDelegate.swift */ = {isa = PBXFileReference; lastKnownFileType = sourcecode.swift; path = AppDelegate.swift; sourceTree = "<group>"; };
		A0EE576D2C1AF8BE00A5E53B /* SceneDelegate.swift */ = {isa = PBXFileReference; lastKnownFileType = sourcecode.swift; path = SceneDelegate.swift; sourceTree = "<group>"; };
		A0EE576F2C1AF8BE00A5E53B /* ViewController.swift */ = {isa = PBXFileReference; lastKnownFileType = sourcecode.swift; path = ViewController.swift; sourceTree = "<group>"; };
		A0EE57742C1AF8BF00A5E53B /* Assets.xcassets */ = {isa = PBXFileReference; lastKnownFileType = folder.assetcatalog; path = Assets.xcassets; sourceTree = "<group>"; };
		A0EE57772C1AF8BF00A5E53B /* Base */ = {isa = PBXFileReference; lastKnownFileType = file.storyboard; name = Base; path = Base.lproj/LaunchScreen.storyboard; sourceTree = "<group>"; };
		A0EE57792C1AF8BF00A5E53B /* Info.plist */ = {isa = PBXFileReference; lastKnownFileType = text.plist.xml; path = Info.plist; sourceTree = "<group>"; };
		A0EE577F2C1AF94D00A5E53B /* .gitignore */ = {isa = PBXFileReference; lastKnownFileType = text; path = .gitignore; sourceTree = "<group>"; };
		A0EE57812C1AF9E600A5E53B /* APIKey.swift */ = {isa = PBXFileReference; lastKnownFileType = sourcecode.swift; path = APIKey.swift; sourceTree = "<group>"; };
		A0EE57852C1AFF4200A5E53B /* ReuseIdnetifierProtocol.swift */ = {isa = PBXFileReference; lastKnownFileType = sourcecode.swift; path = ReuseIdnetifierProtocol.swift; sourceTree = "<group>"; };
		A0EE57872C1B00D500A5E53B /* Constant.swift */ = {isa = PBXFileReference; lastKnownFileType = sourcecode.swift; path = Constant.swift; sourceTree = "<group>"; };
		A0EE578A2C1B027E00A5E53B /* UIColor+Extension.swift */ = {isa = PBXFileReference; lastKnownFileType = sourcecode.swift; path = "UIColor+Extension.swift"; sourceTree = "<group>"; };
		A0EE57992C1B0A1300A5E53B /* OnBoardingViewController.swift */ = {isa = PBXFileReference; lastKnownFileType = sourcecode.swift; path = OnBoardingViewController.swift; sourceTree = "<group>"; };
		A0EE579C2C1B10DE00A5E53B /* PointButton.swift */ = {isa = PBXFileReference; lastKnownFileType = sourcecode.swift; path = PointButton.swift; sourceTree = "<group>"; };
		A0EE57A02C1B17EA00A5E53B /* ProfileNicknameSettingViewController.swift */ = {isa = PBXFileReference; lastKnownFileType = sourcecode.swift; path = ProfileNicknameSettingViewController.swift; sourceTree = "<group>"; };
		A0EE57A22C1B17F700A5E53B /* ProfileImageSettingViewController.swift */ = {isa = PBXFileReference; lastKnownFileType = sourcecode.swift; path = ProfileImageSettingViewController.swift; sourceTree = "<group>"; };
		A0EE57A62C1C0A4400A5E53B /* ProfileView.swift */ = {isa = PBXFileReference; lastKnownFileType = sourcecode.swift; path = ProfileView.swift; sourceTree = "<group>"; };
		A0EE57AA2C1C30A500A5E53B /* SearchMainViewController.swift */ = {isa = PBXFileReference; lastKnownFileType = sourcecode.swift; path = SearchMainViewController.swift; sourceTree = "<group>"; };
		A0EE57AC2C1C30B500A5E53B /* SearchResultViewController.swift */ = {isa = PBXFileReference; lastKnownFileType = sourcecode.swift; path = SearchResultViewController.swift; sourceTree = "<group>"; };
		A0EE57AE2C1C30D600A5E53B /* DetailViewController.swift */ = {isa = PBXFileReference; lastKnownFileType = sourcecode.swift; path = DetailViewController.swift; sourceTree = "<group>"; };
		A0EE57B02C1C30E300A5E53B /* SettingViewController.swift */ = {isa = PBXFileReference; lastKnownFileType = sourcecode.swift; path = SettingViewController.swift; sourceTree = "<group>"; };
		A0EE57B22C1C326700A5E53B /* MainTabBarViewController.swift */ = {isa = PBXFileReference; lastKnownFileType = sourcecode.swift; path = MainTabBarViewController.swift; sourceTree = "<group>"; };
		A0EE57B42C1D757400A5E53B /* ProfileImageSettingCollectionViewCell.swift */ = {isa = PBXFileReference; lastKnownFileType = sourcecode.swift; path = ProfileImageSettingCollectionViewCell.swift; sourceTree = "<group>"; };
/* End PBXFileReference section */

/* Begin PBXFrameworksBuildPhase section */
		A0EE57652C1AF8BE00A5E53B /* Frameworks */ = {
			isa = PBXFrameworksBuildPhase;
			buildActionMask = 2147483647;
			files = (
				A0EE57952C1B057E00A5E53B /* Alamofire in Frameworks */,
				A0EE57982C1B058800A5E53B /* SnapKit in Frameworks */,
				A0EE57922C1B057300A5E53B /* Kingfisher in Frameworks */,
				A0EE578F2C1B056A00A5E53B /* IQKeyboardManagerSwift in Frameworks */,
			);
			runOnlyForDeploymentPostprocessing = 0;
		};
/* End PBXFrameworksBuildPhase section */

/* Begin PBXGroup section */
		A0EE575F2C1AF8BD00A5E53B = {
			isa = PBXGroup;
			children = (
				A0EE577F2C1AF94D00A5E53B /* .gitignore */,
				A0EE576A2C1AF8BE00A5E53B /* ShoppingCart */,
				A0EE57692C1AF8BE00A5E53B /* Products */,
			);
			sourceTree = "<group>";
		};
		A0EE57692C1AF8BE00A5E53B /* Products */ = {
			isa = PBXGroup;
			children = (
				A0EE57682C1AF8BE00A5E53B /* ShoppingCart.app */,
			);
			name = Products;
			sourceTree = "<group>";
		};
		A0EE576A2C1AF8BE00A5E53B /* ShoppingCart */ = {
			isa = PBXGroup;
			children = (
				A0EE576B2C1AF8BE00A5E53B /* AppDelegate.swift */,
				A0EE576D2C1AF8BE00A5E53B /* SceneDelegate.swift */,
				A0EE576F2C1AF8BE00A5E53B /* ViewController.swift */,
				A0EE57742C1AF8BF00A5E53B /* Assets.xcassets */,
				A0EE57762C1AF8BF00A5E53B /* LaunchScreen.storyboard */,
				A0EE57792C1AF8BF00A5E53B /* Info.plist */,
				A0EE57812C1AF9E600A5E53B /* APIKey.swift */,
				A0EE57852C1AFF4200A5E53B /* ReuseIdnetifierProtocol.swift */,
				A0EE57892C1B00D900A5E53B /* Constant */,
				A0EE578C2C1B02B200A5E53B /* Extension */,
				A0EE579B2C1B10A800A5E53B /* CustomView */,
				A0EE57992C1B0A1300A5E53B /* OnBoardingViewController.swift */,
				A0EE57A02C1B17EA00A5E53B /* ProfileNicknameSettingViewController.swift */,
				A0EE57A22C1B17F700A5E53B /* ProfileImageSettingViewController.swift */,
				A0EE57B42C1D757400A5E53B /* ProfileImageSettingCollectionViewCell.swift */,
				A0EE57AA2C1C30A500A5E53B /* SearchMainViewController.swift */,
				A0EE57AC2C1C30B500A5E53B /* SearchResultViewController.swift */,
				A0EE57AE2C1C30D600A5E53B /* DetailViewController.swift */,
				A0EE57B02C1C30E300A5E53B /* SettingViewController.swift */,
				A0EE57B22C1C326700A5E53B /* MainTabBarViewController.swift */,
			);
			path = ShoppingCart;
			sourceTree = "<group>";
		};
		A0EE57892C1B00D900A5E53B /* Constant */ = {
			isa = PBXGroup;
			children = (
				A0EE57872C1B00D500A5E53B /* Constant.swift */,
			);
			path = Constant;
			sourceTree = "<group>";
		};
		A0EE578C2C1B02B200A5E53B /* Extension */ = {
			isa = PBXGroup;
			children = (
				A0EE578A2C1B027E00A5E53B /* UIColor+Extension.swift */,
			);
			path = Extension;
			sourceTree = "<group>";
		};
		A0EE579B2C1B10A800A5E53B /* CustomView */ = {
			isa = PBXGroup;
			children = (
				A0EE579C2C1B10DE00A5E53B /* PointButton.swift */,
				A0EE57A62C1C0A4400A5E53B /* ProfileView.swift */,
			);
			path = CustomView;
			sourceTree = "<group>";
		};
/* End PBXGroup section */

/* Begin PBXNativeTarget section */
		A0EE57672C1AF8BE00A5E53B /* ShoppingCart */ = {
			isa = PBXNativeTarget;
			buildConfigurationList = A0EE577C2C1AF8BF00A5E53B /* Build configuration list for PBXNativeTarget "ShoppingCart" */;
			buildPhases = (
				A0EE57642C1AF8BE00A5E53B /* Sources */,
				A0EE57652C1AF8BE00A5E53B /* Frameworks */,
				A0EE57662C1AF8BE00A5E53B /* Resources */,
			);
			buildRules = (
			);
			dependencies = (
			);
			name = ShoppingCart;
			packageProductDependencies = (
				A0EE578E2C1B056A00A5E53B /* IQKeyboardManagerSwift */,
				A0EE57912C1B057300A5E53B /* Kingfisher */,
				A0EE57942C1B057E00A5E53B /* Alamofire */,
				A0EE57972C1B058800A5E53B /* SnapKit */,
			);
			productName = ShoppingCart;
			productReference = A0EE57682C1AF8BE00A5E53B /* ShoppingCart.app */;
			productType = "com.apple.product-type.application";
		};
/* End PBXNativeTarget section */

/* Begin PBXProject section */
		A0EE57602C1AF8BD00A5E53B /* Project object */ = {
			isa = PBXProject;
			attributes = {
				BuildIndependentTargetsInParallel = 1;
				LastSwiftUpdateCheck = 1540;
				LastUpgradeCheck = 1540;
				TargetAttributes = {
					A0EE57672C1AF8BE00A5E53B = {
						CreatedOnToolsVersion = 15.4;
					};
				};
			};
			buildConfigurationList = A0EE57632C1AF8BD00A5E53B /* Build configuration list for PBXProject "ShoppingCart" */;
			compatibilityVersion = "Xcode 14.0";
			developmentRegion = en;
			hasScannedForEncodings = 0;
			knownRegions = (
				en,
				Base,
			);
			mainGroup = A0EE575F2C1AF8BD00A5E53B;
			packageReferences = (
				A0EE578D2C1B056A00A5E53B /* XCRemoteSwiftPackageReference "IQKeyboardManager" */,
				A0EE57902C1B057300A5E53B /* XCRemoteSwiftPackageReference "Kingfisher" */,
				A0EE57932C1B057E00A5E53B /* XCRemoteSwiftPackageReference "Alamofire" */,
				A0EE57962C1B058800A5E53B /* XCRemoteSwiftPackageReference "SnapKit" */,
			);
			productRefGroup = A0EE57692C1AF8BE00A5E53B /* Products */;
			projectDirPath = "";
			projectRoot = "";
			targets = (
				A0EE57672C1AF8BE00A5E53B /* ShoppingCart */,
			);
		};
/* End PBXProject section */

/* Begin PBXResourcesBuildPhase section */
		A0EE57662C1AF8BE00A5E53B /* Resources */ = {
			isa = PBXResourcesBuildPhase;
			buildActionMask = 2147483647;
			files = (
				A0EE57802C1AF94D00A5E53B /* .gitignore in Resources */,
				A0EE57752C1AF8BF00A5E53B /* Assets.xcassets in Resources */,
				A0EE57782C1AF8BF00A5E53B /* Base in Resources */,
			);
			runOnlyForDeploymentPostprocessing = 0;
		};
/* End PBXResourcesBuildPhase section */

/* Begin PBXSourcesBuildPhase section */
		A0EE57642C1AF8BE00A5E53B /* Sources */ = {
			isa = PBXSourcesBuildPhase;
			buildActionMask = 2147483647;
			files = (
				A0EE57A72C1C0A4400A5E53B /* ProfileView.swift in Sources */,
				A0EE57AB2C1C30A500A5E53B /* SearchMainViewController.swift in Sources */,
				A0EE578B2C1B027E00A5E53B /* UIColor+Extension.swift in Sources */,
				A0EE57B32C1C326700A5E53B /* MainTabBarViewController.swift in Sources */,
				A0EE57B12C1C30E300A5E53B /* SettingViewController.swift in Sources */,
				A0EE57862C1AFF4200A5E53B /* ReuseIdnetifierProtocol.swift in Sources */,
				A0EE579D2C1B10DE00A5E53B /* PointButton.swift in Sources */,
				A0EE57702C1AF8BE00A5E53B /* ViewController.swift in Sources */,
				A0EE579A2C1B0A1300A5E53B /* OnBoardingViewController.swift in Sources */,
				A0EE576C2C1AF8BE00A5E53B /* AppDelegate.swift in Sources */,
				A0EE57AD2C1C30B500A5E53B /* SearchResultViewController.swift in Sources */,
				A0EE57B52C1D757400A5E53B /* ProfileImageSettingCollectionViewCell.swift in Sources */,
				A0EE57822C1AF9E600A5E53B /* APIKey.swift in Sources */,
				A0EE576E2C1AF8BE00A5E53B /* SceneDelegate.swift in Sources */,
				A0EE57882C1B00D500A5E53B /* Constant.swift in Sources */,
				A0EE57AF2C1C30D600A5E53B /* DetailViewController.swift in Sources */,
				A0EE57A12C1B17EA00A5E53B /* ProfileNicknameSettingViewController.swift in Sources */,
				A0EE57A32C1B17F700A5E53B /* ProfileImageSettingViewController.swift in Sources */,
			);
			runOnlyForDeploymentPostprocessing = 0;
		};
/* End PBXSourcesBuildPhase section */

/* Begin PBXVariantGroup section */
		A0EE57762C1AF8BF00A5E53B /* LaunchScreen.storyboard */ = {
			isa = PBXVariantGroup;
			children = (
				A0EE57772C1AF8BF00A5E53B /* Base */,
			);
			name = LaunchScreen.storyboard;
			sourceTree = "<group>";
		};
/* End PBXVariantGroup section */

/* Begin XCBuildConfiguration section */
		A0EE577A2C1AF8BF00A5E53B /* Debug */ = {
			isa = XCBuildConfiguration;
			buildSettings = {
				ALWAYS_SEARCH_USER_PATHS = NO;
				ASSETCATALOG_COMPILER_GENERATE_SWIFT_ASSET_SYMBOL_EXTENSIONS = YES;
				CLANG_ANALYZER_NONNULL = YES;
				CLANG_ANALYZER_NUMBER_OBJECT_CONVERSION = YES_AGGRESSIVE;
				CLANG_CXX_LANGUAGE_STANDARD = "gnu++20";
				CLANG_ENABLE_MODULES = YES;
				CLANG_ENABLE_OBJC_ARC = YES;
				CLANG_ENABLE_OBJC_WEAK = YES;
				CLANG_WARN_BLOCK_CAPTURE_AUTORELEASING = YES;
				CLANG_WARN_BOOL_CONVERSION = YES;
				CLANG_WARN_COMMA = YES;
				CLANG_WARN_CONSTANT_CONVERSION = YES;
				CLANG_WARN_DEPRECATED_OBJC_IMPLEMENTATIONS = YES;
				CLANG_WARN_DIRECT_OBJC_ISA_USAGE = YES_ERROR;
				CLANG_WARN_DOCUMENTATION_COMMENTS = YES;
				CLANG_WARN_EMPTY_BODY = YES;
				CLANG_WARN_ENUM_CONVERSION = YES;
				CLANG_WARN_INFINITE_RECURSION = YES;
				CLANG_WARN_INT_CONVERSION = YES;
				CLANG_WARN_NON_LITERAL_NULL_CONVERSION = YES;
				CLANG_WARN_OBJC_IMPLICIT_RETAIN_SELF = YES;
				CLANG_WARN_OBJC_LITERAL_CONVERSION = YES;
				CLANG_WARN_OBJC_ROOT_CLASS = YES_ERROR;
				CLANG_WARN_QUOTED_INCLUDE_IN_FRAMEWORK_HEADER = YES;
				CLANG_WARN_RANGE_LOOP_ANALYSIS = YES;
				CLANG_WARN_STRICT_PROTOTYPES = YES;
				CLANG_WARN_SUSPICIOUS_MOVE = YES;
				CLANG_WARN_UNGUARDED_AVAILABILITY = YES_AGGRESSIVE;
				CLANG_WARN_UNREACHABLE_CODE = YES;
				CLANG_WARN__DUPLICATE_METHOD_MATCH = YES;
				COPY_PHASE_STRIP = NO;
				DEBUG_INFORMATION_FORMAT = dwarf;
				ENABLE_STRICT_OBJC_MSGSEND = YES;
				ENABLE_TESTABILITY = YES;
				ENABLE_USER_SCRIPT_SANDBOXING = YES;
				GCC_C_LANGUAGE_STANDARD = gnu17;
				GCC_DYNAMIC_NO_PIC = NO;
				GCC_NO_COMMON_BLOCKS = YES;
				GCC_OPTIMIZATION_LEVEL = 0;
				GCC_PREPROCESSOR_DEFINITIONS = (
					"DEBUG=1",
					"$(inherited)",
				);
				GCC_WARN_64_TO_32_BIT_CONVERSION = YES;
				GCC_WARN_ABOUT_RETURN_TYPE = YES_ERROR;
				GCC_WARN_UNDECLARED_SELECTOR = YES;
				GCC_WARN_UNINITIALIZED_AUTOS = YES_AGGRESSIVE;
				GCC_WARN_UNUSED_FUNCTION = YES;
				GCC_WARN_UNUSED_VARIABLE = YES;
				IPHONEOS_DEPLOYMENT_TARGET = 17.5;
				LOCALIZATION_PREFERS_STRING_CATALOGS = YES;
				MTL_ENABLE_DEBUG_INFO = INCLUDE_SOURCE;
				MTL_FAST_MATH = YES;
				ONLY_ACTIVE_ARCH = YES;
				SDKROOT = iphoneos;
				SWIFT_ACTIVE_COMPILATION_CONDITIONS = "DEBUG $(inherited)";
				SWIFT_OPTIMIZATION_LEVEL = "-Onone";
			};
			name = Debug;
		};
		A0EE577B2C1AF8BF00A5E53B /* Release */ = {
			isa = XCBuildConfiguration;
			buildSettings = {
				ALWAYS_SEARCH_USER_PATHS = NO;
				ASSETCATALOG_COMPILER_GENERATE_SWIFT_ASSET_SYMBOL_EXTENSIONS = YES;
				CLANG_ANALYZER_NONNULL = YES;
				CLANG_ANALYZER_NUMBER_OBJECT_CONVERSION = YES_AGGRESSIVE;
				CLANG_CXX_LANGUAGE_STANDARD = "gnu++20";
				CLANG_ENABLE_MODULES = YES;
				CLANG_ENABLE_OBJC_ARC = YES;
				CLANG_ENABLE_OBJC_WEAK = YES;
				CLANG_WARN_BLOCK_CAPTURE_AUTORELEASING = YES;
				CLANG_WARN_BOOL_CONVERSION = YES;
				CLANG_WARN_COMMA = YES;
				CLANG_WARN_CONSTANT_CONVERSION = YES;
				CLANG_WARN_DEPRECATED_OBJC_IMPLEMENTATIONS = YES;
				CLANG_WARN_DIRECT_OBJC_ISA_USAGE = YES_ERROR;
				CLANG_WARN_DOCUMENTATION_COMMENTS = YES;
				CLANG_WARN_EMPTY_BODY = YES;
				CLANG_WARN_ENUM_CONVERSION = YES;
				CLANG_WARN_INFINITE_RECURSION = YES;
				CLANG_WARN_INT_CONVERSION = YES;
				CLANG_WARN_NON_LITERAL_NULL_CONVERSION = YES;
				CLANG_WARN_OBJC_IMPLICIT_RETAIN_SELF = YES;
				CLANG_WARN_OBJC_LITERAL_CONVERSION = YES;
				CLANG_WARN_OBJC_ROOT_CLASS = YES_ERROR;
				CLANG_WARN_QUOTED_INCLUDE_IN_FRAMEWORK_HEADER = YES;
				CLANG_WARN_RANGE_LOOP_ANALYSIS = YES;
				CLANG_WARN_STRICT_PROTOTYPES = YES;
				CLANG_WARN_SUSPICIOUS_MOVE = YES;
				CLANG_WARN_UNGUARDED_AVAILABILITY = YES_AGGRESSIVE;
				CLANG_WARN_UNREACHABLE_CODE = YES;
				CLANG_WARN__DUPLICATE_METHOD_MATCH = YES;
				COPY_PHASE_STRIP = NO;
				DEBUG_INFORMATION_FORMAT = "dwarf-with-dsym";
				ENABLE_NS_ASSERTIONS = NO;
				ENABLE_STRICT_OBJC_MSGSEND = YES;
				ENABLE_USER_SCRIPT_SANDBOXING = YES;
				GCC_C_LANGUAGE_STANDARD = gnu17;
				GCC_NO_COMMON_BLOCKS = YES;
				GCC_WARN_64_TO_32_BIT_CONVERSION = YES;
				GCC_WARN_ABOUT_RETURN_TYPE = YES_ERROR;
				GCC_WARN_UNDECLARED_SELECTOR = YES;
				GCC_WARN_UNINITIALIZED_AUTOS = YES_AGGRESSIVE;
				GCC_WARN_UNUSED_FUNCTION = YES;
				GCC_WARN_UNUSED_VARIABLE = YES;
				IPHONEOS_DEPLOYMENT_TARGET = 17.5;
				LOCALIZATION_PREFERS_STRING_CATALOGS = YES;
				MTL_ENABLE_DEBUG_INFO = NO;
				MTL_FAST_MATH = YES;
				SDKROOT = iphoneos;
				SWIFT_COMPILATION_MODE = wholemodule;
				VALIDATE_PRODUCT = YES;
			};
			name = Release;
		};
		A0EE577D2C1AF8BF00A5E53B /* Debug */ = {
			isa = XCBuildConfiguration;
			buildSettings = {
				ASSETCATALOG_COMPILER_APPICON_NAME = AppIcon;
				ASSETCATALOG_COMPILER_GLOBAL_ACCENT_COLOR_NAME = AccentColor;
				CODE_SIGN_STYLE = Automatic;
				CURRENT_PROJECT_VERSION = 1;
				DEVELOPMENT_TEAM = HP4XA8YZN3;
				GENERATE_INFOPLIST_FILE = YES;
				INFOPLIST_FILE = ShoppingCart/Info.plist;
				INFOPLIST_KEY_CFBundleDisplayName = "여성은";
				INFOPLIST_KEY_UIApplicationSupportsIndirectInputEvents = YES;
				INFOPLIST_KEY_UILaunchStoryboardName = LaunchScreen;
				INFOPLIST_KEY_UISupportedInterfaceOrientations = UIInterfaceOrientationPortrait;
				INFOPLIST_KEY_UISupportedInterfaceOrientations_iPad = UIInterfaceOrientationPortrait;
				IPHONEOS_DEPLOYMENT_TARGET = 15.0;
				LD_RUNPATH_SEARCH_PATHS = (
					"$(inherited)",
					"@executable_path/Frameworks",
				);
				MARKETING_VERSION = 1.0;
				PRODUCT_BUNDLE_IDENTIFIER = com.yeoyeo.ShoppingCart;
				PRODUCT_NAME = "$(TARGET_NAME)";
				SUPPORTED_PLATFORMS = "iphoneos iphonesimulator";
				SUPPORTS_MACCATALYST = NO;
				SUPPORTS_MAC_DESIGNED_FOR_IPHONE_IPAD = NO;
				SUPPORTS_XR_DESIGNED_FOR_IPHONE_IPAD = NO;
				SWIFT_EMIT_LOC_STRINGS = YES;
				SWIFT_VERSION = 5.0;
				TARGETED_DEVICE_FAMILY = 1;
			};
			name = Debug;
		};
		A0EE577E2C1AF8BF00A5E53B /* Release */ = {
			isa = XCBuildConfiguration;
			buildSettings = {
				ASSETCATALOG_COMPILER_APPICON_NAME = AppIcon;
				ASSETCATALOG_COMPILER_GLOBAL_ACCENT_COLOR_NAME = AccentColor;
				CODE_SIGN_STYLE = Automatic;
				CURRENT_PROJECT_VERSION = 1;
				DEVELOPMENT_TEAM = HP4XA8YZN3;
				GENERATE_INFOPLIST_FILE = YES;
				INFOPLIST_FILE = ShoppingCart/Info.plist;
				INFOPLIST_KEY_CFBundleDisplayName = "여성은";
				INFOPLIST_KEY_UIApplicationSupportsIndirectInputEvents = YES;
				INFOPLIST_KEY_UILaunchStoryboardName = LaunchScreen;
				INFOPLIST_KEY_UISupportedInterfaceOrientations = UIInterfaceOrientationPortrait;
				INFOPLIST_KEY_UISupportedInterfaceOrientations_iPad = UIInterfaceOrientationPortrait;
				IPHONEOS_DEPLOYMENT_TARGET = 15.0;
				LD_RUNPATH_SEARCH_PATHS = (
					"$(inherited)",
					"@executable_path/Frameworks",
				);
				MARKETING_VERSION = 1.0;
				PRODUCT_BUNDLE_IDENTIFIER = com.yeoyeo.ShoppingCart;
				PRODUCT_NAME = "$(TARGET_NAME)";
				SUPPORTED_PLATFORMS = "iphoneos iphonesimulator";
				SUPPORTS_MACCATALYST = NO;
				SUPPORTS_MAC_DESIGNED_FOR_IPHONE_IPAD = NO;
				SUPPORTS_XR_DESIGNED_FOR_IPHONE_IPAD = NO;
				SWIFT_EMIT_LOC_STRINGS = YES;
				SWIFT_VERSION = 5.0;
				TARGETED_DEVICE_FAMILY = 1;
			};
			name = Release;
		};
/* End XCBuildConfiguration section */

/* Begin XCConfigurationList section */
		A0EE57632C1AF8BD00A5E53B /* Build configuration list for PBXProject "ShoppingCart" */ = {
			isa = XCConfigurationList;
			buildConfigurations = (
				A0EE577A2C1AF8BF00A5E53B /* Debug */,
				A0EE577B2C1AF8BF00A5E53B /* Release */,
			);
			defaultConfigurationIsVisible = 0;
			defaultConfigurationName = Release;
		};
		A0EE577C2C1AF8BF00A5E53B /* Build configuration list for PBXNativeTarget "ShoppingCart" */ = {
			isa = XCConfigurationList;
			buildConfigurations = (
				A0EE577D2C1AF8BF00A5E53B /* Debug */,
				A0EE577E2C1AF8BF00A5E53B /* Release */,
			);
			defaultConfigurationIsVisible = 0;
			defaultConfigurationName = Release;
		};
/* End XCConfigurationList section */

/* Begin XCRemoteSwiftPackageReference section */
		A0EE578D2C1B056A00A5E53B /* XCRemoteSwiftPackageReference "IQKeyboardManager" */ = {
			isa = XCRemoteSwiftPackageReference;
			repositoryURL = "https://github.com/hackiftekhar/IQKeyboardManager.git";
			requirement = {
				kind = upToNextMajorVersion;
				minimumVersion = 7.0.3;
			};
		};
		A0EE57902C1B057300A5E53B /* XCRemoteSwiftPackageReference "Kingfisher" */ = {
			isa = XCRemoteSwiftPackageReference;
			repositoryURL = "https://github.com/onevcat/Kingfisher.git";
			requirement = {
				kind = upToNextMajorVersion;
				minimumVersion = 7.12.0;
			};
		};
		A0EE57932C1B057E00A5E53B /* XCRemoteSwiftPackageReference "Alamofire" */ = {
			isa = XCRemoteSwiftPackageReference;
			repositoryURL = "https://github.com/Alamofire/Alamofire.git";
			requirement = {
				kind = upToNextMajorVersion;
				minimumVersion = 5.9.1;
			};
		};
		A0EE57962C1B058800A5E53B /* XCRemoteSwiftPackageReference "SnapKit" */ = {
			isa = XCRemoteSwiftPackageReference;
			repositoryURL = "https://github.com/SnapKit/SnapKit.git";
			requirement = {
				kind = upToNextMajorVersion;
				minimumVersion = 5.7.1;
			};
		};
/* End XCRemoteSwiftPackageReference section */

/* Begin XCSwiftPackageProductDependency section */
		A0EE578E2C1B056A00A5E53B /* IQKeyboardManagerSwift */ = {
			isa = XCSwiftPackageProductDependency;
			package = A0EE578D2C1B056A00A5E53B /* XCRemoteSwiftPackageReference "IQKeyboardManager" */;
			productName = IQKeyboardManagerSwift;
		};
		A0EE57912C1B057300A5E53B /* Kingfisher */ = {
			isa = XCSwiftPackageProductDependency;
			package = A0EE57902C1B057300A5E53B /* XCRemoteSwiftPackageReference "Kingfisher" */;
			productName = Kingfisher;
		};
		A0EE57942C1B057E00A5E53B /* Alamofire */ = {
			isa = XCSwiftPackageProductDependency;
			package = A0EE57932C1B057E00A5E53B /* XCRemoteSwiftPackageReference "Alamofire" */;
			productName = Alamofire;
		};
		A0EE57972C1B058800A5E53B /* SnapKit */ = {
			isa = XCSwiftPackageProductDependency;
			package = A0EE57962C1B058800A5E53B /* XCRemoteSwiftPackageReference "SnapKit" */;
			productName = SnapKit;
		};
/* End XCSwiftPackageProductDependency section */
	};
	rootObject = A0EE57602C1AF8BD00A5E53B /* Project object */;
}
